
Microsoft Visual Studio Solution File, Format Version 12.00
# Visual Studio Version 17
VisualStudioVersion = 17.4.33205.214
MinimumVisualStudioVersion = 10.0.40219.1
Project("{FAE04EC0-301F-11D3-BF4B-00C04F79EFBC}") = "Homework3", "Homework3\Homework3.csproj", "{B8B5FE23-F3B9-4BF1-8924-18975C6D0A6E}"
EndProject
Global
	GlobalSection(SolutionConfigurationPlatforms) = preSolution
		Debug|Any CPU = Debug|Any CPU
		Release|Any CPU = Release|Any CPU
	EndGlobalSection
	GlobalSection(ProjectConfigurationPlatforms) = postSolution
		{B8B5FE23-F3B9-4BF1-8924-18975C6D0A6E}.Debug|Any CPU.ActiveCfg = Debug|Any CPU
		{B8B5FE23-F3B9-4BF1-8924-18975C6D0A6E}.Debug|Any CPU.Build.0 = Debug|Any CPU
		{B8B5FE23-F3B9-4BF1-8924-18975C6D0A6E}.Release|Any CPU.ActiveCfg = Release|Any CPU
		{B8B5FE23-F3B9-4BF1-8924-18975C6D0A6E}.Release|Any CPU.Build.0 = Release|Any CPU
	EndGlobalSection
	GlobalSection(SolutionProperties) = preSolution
		HideSolutionNode = FALSE
	EndGlobalSection
	GlobalSection(ExtensibilityGlobals) = postSolution
		SolutionGuid = {B1BB249D-11E1-4E8B-B636-4282B79CFADC}
	EndGlobalSection
EndGlobal
